
Microsoft Visual Studio Solution File, Format Version 12.00
# Visual Studio Version 16
VisualStudioVersion = 16.0.31729.503
MinimumVisualStudioVersion = 10.0.40219.1
Project("{FAE04EC0-301F-11D3-BF4B-00C04F79EFBC}") = "Lourdes_Navarro_DI_XAML", "Lourdes_Navarro_DI_XAML.csproj", "{E4BCCF4D-2AD2-4228-BB9A-B861D42EB746}"
EndProject
Global
	GlobalSection(SolutionConfigurationPlatforms) = preSolution
		Debug|Any CPU = Debug|Any CPU
		Release|Any CPU = Release|Any CPU
	EndGlobalSection
	GlobalSection(ProjectConfigurationPlatforms) = postSolution
		{E4BCCF4D-2AD2-4228-BB9A-B861D42EB746}.Debug|Any CPU.ActiveCfg = Debug|Any CPU
		{E4BCCF4D-2AD2-4228-BB9A-B861D42EB746}.Debug|Any CPU.Build.0 = Debug|Any CPU
		{E4BCCF4D-2AD2-4228-BB9A-B861D42EB746}.Release|Any CPU.ActiveCfg = Release|Any CPU
		{E4BCCF4D-2AD2-4228-BB9A-B861D42EB746}.Release|Any CPU.Build.0 = Release|Any CPU
	EndGlobalSection
	GlobalSection(SolutionProperties) = preSolution
		HideSolutionNode = FALSE
	EndGlobalSection
	GlobalSection(ExtensibilityGlobals) = postSolution
		SolutionGuid = {6992DFFD-4DF0-411F-B9D1-A7D7691076E5}
	EndGlobalSection
EndGlobal
